// !$*UTF8*$!
{
	archiveVersion = 1;
	classes = {
	};
	objectVersion = 77;
	objects = {

/* Begin PBXBuildFile section */
		181F4CBEE088C46FD3D00988 /* Pods_AppAlertsSwiftUITests.framework in Frameworks */ = {isa = PBXBuildFile; fileRef = 9338AE424594413BAB11CA67 /* Pods_AppAlertsSwiftUITests.framework */; };
		737E90DFEA15E4199CA34A71 /* Pods_AppAlertsSwiftUI_AppAlertsSwiftUIUITests.framework in Frameworks */ = {isa = PBXBuildFile; fileRef = 4C544EA2B528B33CB5235F26 /* Pods_AppAlertsSwiftUI_AppAlertsSwiftUIUITests.framework */; };
		D16EA65299C406FD533B04C0 /* Pods_AppAlertsSwiftUI.framework in Frameworks */ = {isa = PBXBuildFile; fileRef = 7F84F67546A45982E7E8D79E /* Pods_AppAlertsSwiftUI.framework */; };
/* End PBXBuildFile section */

/* Begin PBXContainerItemProxy section */
		FA1A52B92D7B61A1000829C7 /* PBXContainerItemProxy */ = {
			isa = PBXContainerItemProxy;
			containerPortal = FA1A52A02D7B619F000829C7 /* Project object */;
			proxyType = 1;
			remoteGlobalIDString = FA1A52A72D7B619F000829C7;
			remoteInfo = AppAlertsSwiftUI;
		};
		FA1A52C32D7B61A1000829C7 /* PBXContainerItemProxy */ = {
			isa = PBXContainerItemProxy;
			containerPortal = FA1A52A02D7B619F000829C7 /* Project object */;
			proxyType = 1;
			remoteGlobalIDString = FA1A52A72D7B619F000829C7;
			remoteInfo = AppAlertsSwiftUI;
		};
/* End PBXContainerItemProxy section */

/* Begin PBXFileReference section */
		16D6FC31DAA7CEC6F39E578B /* Pods-AppAlertsSwiftUI.release.xcconfig */ = {isa = PBXFileReference; includeInIndex = 1; lastKnownFileType = text.xcconfig; name = "Pods-AppAlertsSwiftUI.release.xcconfig"; path = "Target Support Files/Pods-AppAlertsSwiftUI/Pods-AppAlertsSwiftUI.release.xcconfig"; sourceTree = "<group>"; };
		3628B99755F67F31C3640C39 /* Pods-AppAlertsSwiftUI-AppAlertsSwiftUIUITests.debug.xcconfig */ = {isa = PBXFileReference; includeInIndex = 1; lastKnownFileType = text.xcconfig; name = "Pods-AppAlertsSwiftUI-AppAlertsSwiftUIUITests.debug.xcconfig"; path = "Target Support Files/Pods-AppAlertsSwiftUI-AppAlertsSwiftUIUITests/Pods-AppAlertsSwiftUI-AppAlertsSwiftUIUITests.debug.xcconfig"; sourceTree = "<group>"; };
		4C544EA2B528B33CB5235F26 /* Pods_AppAlertsSwiftUI_AppAlertsSwiftUIUITests.framework */ = {isa = PBXFileReference; explicitFileType = wrapper.framework; includeInIndex = 0; path = Pods_AppAlertsSwiftUI_AppAlertsSwiftUIUITests.framework; sourceTree = BUILT_PRODUCTS_DIR; };
		7B9EEA030DC0D3EDD96FCC05 /* Pods-AppAlertsSwiftUI-AppAlertsSwiftUIUITests.release.xcconfig */ = {isa = PBXFileReference; includeInIndex = 1; lastKnownFileType = text.xcconfig; name = "Pods-AppAlertsSwiftUI-AppAlertsSwiftUIUITests.release.xcconfig"; path = "Target Support Files/Pods-AppAlertsSwiftUI-AppAlertsSwiftUIUITests/Pods-AppAlertsSwiftUI-AppAlertsSwiftUIUITests.release.xcconfig"; sourceTree = "<group>"; };
		7F84F67546A45982E7E8D79E /* Pods_AppAlertsSwiftUI.framework */ = {isa = PBXFileReference; explicitFileType = wrapper.framework; includeInIndex = 0; path = Pods_AppAlertsSwiftUI.framework; sourceTree = BUILT_PRODUCTS_DIR; };
		9338AE424594413BAB11CA67 /* Pods_AppAlertsSwiftUITests.framework */ = {isa = PBXFileReference; explicitFileType = wrapper.framework; includeInIndex = 0; path = Pods_AppAlertsSwiftUITests.framework; sourceTree = BUILT_PRODUCTS_DIR; };
		95BAC7D92FE8EEC36230869C /* Pods-AppAlertsSwiftUI.debug.xcconfig */ = {isa = PBXFileReference; includeInIndex = 1; lastKnownFileType = text.xcconfig; name = "Pods-AppAlertsSwiftUI.debug.xcconfig"; path = "Target Support Files/Pods-AppAlertsSwiftUI/Pods-AppAlertsSwiftUI.debug.xcconfig"; sourceTree = "<group>"; };
		B57BBE1BB6180EAA5CF20C8A /* Pods-AppAlertsSwiftUITests.debug.xcconfig */ = {isa = PBXFileReference; includeInIndex = 1; lastKnownFileType = text.xcconfig; name = "Pods-AppAlertsSwiftUITests.debug.xcconfig"; path = "Target Support Files/Pods-AppAlertsSwiftUITests/Pods-AppAlertsSwiftUITests.debug.xcconfig"; sourceTree = "<group>"; };
		F800E61020DC444A919132DD /* Pods-AppAlertsSwiftUITests.release.xcconfig */ = {isa = PBXFileReference; includeInIndex = 1; lastKnownFileType = text.xcconfig; name = "Pods-AppAlertsSwiftUITests.release.xcconfig"; path = "Target Support Files/Pods-AppAlertsSwiftUITests/Pods-AppAlertsSwiftUITests.release.xcconfig"; sourceTree = "<group>"; };
		FA1A52A82D7B619F000829C7 /* AppAlertsSwiftUI.app */ = {isa = PBXFileReference; explicitFileType = wrapper.application; includeInIndex = 0; path = AppAlertsSwiftUI.app; sourceTree = BUILT_PRODUCTS_DIR; };
		FA1A52B82D7B61A1000829C7 /* AppAlertsSwiftUITests.xctest */ = {isa = PBXFileReference; explicitFileType = wrapper.cfbundle; includeInIndex = 0; path = AppAlertsSwiftUITests.xctest; sourceTree = BUILT_PRODUCTS_DIR; };
		FA1A52C22D7B61A1000829C7 /* AppAlertsSwiftUIUITests.xctest */ = {isa = PBXFileReference; explicitFileType = wrapper.cfbundle; includeInIndex = 0; path = AppAlertsSwiftUIUITests.xctest; sourceTree = BUILT_PRODUCTS_DIR; };
/* End PBXFileReference section */

/* Begin PBXFileSystemSynchronizedRootGroup section */
		FA1A52AA2D7B619F000829C7 /* AppAlertsSwiftUI */ = {
			isa = PBXFileSystemSynchronizedRootGroup;
			path = AppAlertsSwiftUI;
			sourceTree = "<group>";
		};
		FA1A52BB2D7B61A1000829C7 /* AppAlertsSwiftUITests */ = {
			isa = PBXFileSystemSynchronizedRootGroup;
			path = AppAlertsSwiftUITests;
			sourceTree = "<group>";
		};
		FA1A52C52D7B61A1000829C7 /* AppAlertsSwiftUIUITests */ = {
			isa = PBXFileSystemSynchronizedRootGroup;
			path = AppAlertsSwiftUIUITests;
			sourceTree = "<group>";
		};
/* End PBXFileSystemSynchronizedRootGroup section */

/* Begin PBXFrameworksBuildPhase section */
		FA1A52A52D7B619F000829C7 /* Frameworks */ = {
			isa = PBXFrameworksBuildPhase;
			buildActionMask = 2147483647;
			files = (
				D16EA65299C406FD533B04C0 /* Pods_AppAlertsSwiftUI.framework in Frameworks */,
			);
			runOnlyForDeploymentPostprocessing = 0;
		};
		FA1A52B52D7B61A1000829C7 /* Frameworks */ = {
			isa = PBXFrameworksBuildPhase;
			buildActionMask = 2147483647;
			files = (
				181F4CBEE088C46FD3D00988 /* Pods_AppAlertsSwiftUITests.framework in Frameworks */,
			);
			runOnlyForDeploymentPostprocessing = 0;
		};
		FA1A52BF2D7B61A1000829C7 /* Frameworks */ = {
			isa = PBXFrameworksBuildPhase;
			buildActionMask = 2147483647;
			files = (
				737E90DFEA15E4199CA34A71 /* Pods_AppAlertsSwiftUI_AppAlertsSwiftUIUITests.framework in Frameworks */,
			);
			runOnlyForDeploymentPostprocessing = 0;
		};
/* End PBXFrameworksBuildPhase section */

/* Begin PBXGroup section */
		5720B89E80D0D9971EA6925B /* Frameworks */ = {
			isa = PBXGroup;
			children = (
				7F84F67546A45982E7E8D79E /* Pods_AppAlertsSwiftUI.framework */,
				4C544EA2B528B33CB5235F26 /* Pods_AppAlertsSwiftUI_AppAlertsSwiftUIUITests.framework */,
				9338AE424594413BAB11CA67 /* Pods_AppAlertsSwiftUITests.framework */,
			);
			name = Frameworks;
			sourceTree = "<group>";
		};
		CDF6ECB7A72FA3B88354A943 /* Pods */ = {
			isa = PBXGroup;
			children = (
				95BAC7D92FE8EEC36230869C /* Pods-AppAlertsSwiftUI.debug.xcconfig */,
				16D6FC31DAA7CEC6F39E578B /* Pods-AppAlertsSwiftUI.release.xcconfig */,
				3628B99755F67F31C3640C39 /* Pods-AppAlertsSwiftUI-AppAlertsSwiftUIUITests.debug.xcconfig */,
				7B9EEA030DC0D3EDD96FCC05 /* Pods-AppAlertsSwiftUI-AppAlertsSwiftUIUITests.release.xcconfig */,
				B57BBE1BB6180EAA5CF20C8A /* Pods-AppAlertsSwiftUITests.debug.xcconfig */,
				F800E61020DC444A919132DD /* Pods-AppAlertsSwiftUITests.release.xcconfig */,
			);
			path = Pods;
			sourceTree = "<group>";
		};
		FA1A529F2D7B619F000829C7 = {
			isa = PBXGroup;
			children = (
				FA1A52AA2D7B619F000829C7 /* AppAlertsSwiftUI */,
				FA1A52BB2D7B61A1000829C7 /* AppAlertsSwiftUITests */,
				FA1A52C52D7B61A1000829C7 /* AppAlertsSwiftUIUITests */,
				FA1A52A92D7B619F000829C7 /* Products */,
				CDF6ECB7A72FA3B88354A943 /* Pods */,
				5720B89E80D0D9971EA6925B /* Frameworks */,
			);
			sourceTree = "<group>";
		};
		FA1A52A92D7B619F000829C7 /* Products */ = {
			isa = PBXGroup;
			children = (
				FA1A52A82D7B619F000829C7 /* AppAlertsSwiftUI.app */,
				FA1A52B82D7B61A1000829C7 /* AppAlertsSwiftUITests.xctest */,
				FA1A52C22D7B61A1000829C7 /* AppAlertsSwiftUIUITests.xctest */,
			);
			name = Products;
			sourceTree = "<group>";
		};
/* End PBXGroup section */

/* Begin PBXNativeTarget section */
		FA1A52A72D7B619F000829C7 /* AppAlertsSwiftUI */ = {
			isa = PBXNativeTarget;
			buildConfigurationList = FA1A52CC2D7B61A1000829C7 /* Build configuration list for PBXNativeTarget "AppAlertsSwiftUI" */;
			buildPhases = (
				02C4AEEC941F65A207F68088 /* [CP] Check Pods Manifest.lock */,
				FA1A52A42D7B619F000829C7 /* Sources */,
				FA1A52A52D7B619F000829C7 /* Frameworks */,
				FA1A52A62D7B619F000829C7 /* Resources */,
				F0C95AA1C0200830854CE9ED /* [CP] Embed Pods Frameworks */,
				2C2914B1EC968D9BE4A0B297 /* [CP] Copy Pods Resources */,
			);
			buildRules = (
			);
			dependencies = (
				FA1A52D72D7BABB7000829C7 /* PBXTargetDependency */,
			);
			fileSystemSynchronizedGroups = (
				FA1A52AA2D7B619F000829C7 /* AppAlertsSwiftUI */,
			);
			name = AppAlertsSwiftUI;
			productName = AppAlertsSwiftUI;
			productReference = FA1A52A82D7B619F000829C7 /* AppAlertsSwiftUI.app */;
			productType = "com.apple.product-type.application";
		};
		FA1A52B72D7B61A1000829C7 /* AppAlertsSwiftUITests */ = {
			isa = PBXNativeTarget;
			buildConfigurationList = FA1A52CF2D7B61A1000829C7 /* Build configuration list for PBXNativeTarget "AppAlertsSwiftUITests" */;
			buildPhases = (
				B7DBB244E4205154CA79650B /* [CP] Check Pods Manifest.lock */,
				FA1A52B42D7B61A1000829C7 /* Sources */,
				FA1A52B52D7B61A1000829C7 /* Frameworks */,
				FA1A52B62D7B61A1000829C7 /* Resources */,
			);
			buildRules = (
			);
			dependencies = (
				FA1A52BA2D7B61A1000829C7 /* PBXTargetDependency */,
			);
			fileSystemSynchronizedGroups = (
				FA1A52BB2D7B61A1000829C7 /* AppAlertsSwiftUITests */,
			);
			name = AppAlertsSwiftUITests;
			productName = AppAlertsSwiftUITests;
			productReference = FA1A52B82D7B61A1000829C7 /* AppAlertsSwiftUITests.xctest */;
			productType = "com.apple.product-type.bundle.unit-test";
		};
		FA1A52C12D7B61A1000829C7 /* AppAlertsSwiftUIUITests */ = {
			isa = PBXNativeTarget;
			buildConfigurationList = FA1A52D22D7B61A1000829C7 /* Build configuration list for PBXNativeTarget "AppAlertsSwiftUIUITests" */;
			buildPhases = (
				74913077F14AD83F3BF374F6 /* [CP] Check Pods Manifest.lock */,
				FA1A52BE2D7B61A1000829C7 /* Sources */,
				FA1A52BF2D7B61A1000829C7 /* Frameworks */,
				FA1A52C02D7B61A1000829C7 /* Resources */,
				E9DD27840EF118CD0C538778 /* [CP] Embed Pods Frameworks */,
				F400703B5B7CE37D339112B8 /* [CP] Copy Pods Resources */,
			);
			buildRules = (
			);
			dependencies = (
				FA1A52C42D7B61A1000829C7 /* PBXTargetDependency */,
			);
			fileSystemSynchronizedGroups = (
				FA1A52C52D7B61A1000829C7 /* AppAlertsSwiftUIUITests */,
			);
			name = AppAlertsSwiftUIUITests;
			productName = AppAlertsSwiftUIUITests;
			productReference = FA1A52C22D7B61A1000829C7 /* AppAlertsSwiftUIUITests.xctest */;
			productType = "com.apple.product-type.bundle.ui-testing";
		};
/* End PBXNativeTarget section */

/* Begin PBXProject section */
		FA1A52A02D7B619F000829C7 /* Project object */ = {
			isa = PBXProject;
			attributes = {
				BuildIndependentTargetsInParallel = 1;
				LastSwiftUpdateCheck = 1610;
				LastUpgradeCheck = 1610;
				TargetAttributes = {
					FA1A52A72D7B619F000829C7 = {
						CreatedOnToolsVersion = 16.1;
					};
					FA1A52B72D7B61A1000829C7 = {
						CreatedOnToolsVersion = 16.1;
						TestTargetID = FA1A52A72D7B619F000829C7;
					};
					FA1A52C12D7B61A1000829C7 = {
						CreatedOnToolsVersion = 16.1;
						TestTargetID = FA1A52A72D7B619F000829C7;
					};
				};
			};
			buildConfigurationList = FA1A52A32D7B619F000829C7 /* Build configuration list for PBXProject "AppAlertsSwiftUI" */;
			developmentRegion = en;
			hasScannedForEncodings = 0;
			knownRegions = (
				en,
				Base,
			);
			mainGroup = FA1A529F2D7B619F000829C7;
			minimizedProjectReferenceProxies = 1;
			packageReferences = (
				FA1A52D52D7BA9D9000829C7 /* XCRemoteSwiftPackageReference "SwiftLint" */,
			);
			preferredProjectObjectVersion = 77;
			productRefGroup = FA1A52A92D7B619F000829C7 /* Products */;
			projectDirPath = "";
			projectRoot = "";
			targets = (
				FA1A52A72D7B619F000829C7 /* AppAlertsSwiftUI */,
				FA1A52B72D7B61A1000829C7 /* AppAlertsSwiftUITests */,
				FA1A52C12D7B61A1000829C7 /* AppAlertsSwiftUIUITests */,
			);
		};
/* End PBXProject section */

/* Begin PBXResourcesBuildPhase section */
		FA1A52A62D7B619F000829C7 /* Resources */ = {
			isa = PBXResourcesBuildPhase;
			buildActionMask = 2147483647;
			files = (
			);
			runOnlyForDeploymentPostprocessing = 0;
		};
		FA1A52B62D7B61A1000829C7 /* Resources */ = {
			isa = PBXResourcesBuildPhase;
			buildActionMask = 2147483647;
			files = (
			);
			runOnlyForDeploymentPostprocessing = 0;
		};
		FA1A52C02D7B61A1000829C7 /* Resources */ = {
			isa = PBXResourcesBuildPhase;
			buildActionMask = 2147483647;
			files = (
			);
			runOnlyForDeploymentPostprocessing = 0;
		};
/* End PBXResourcesBuildPhase section */

/* Begin PBXShellScriptBuildPhase section */
		02C4AEEC941F65A207F68088 /* [CP] Check Pods Manifest.lock */ = {
			isa = PBXShellScriptBuildPhase;
			buildActionMask = 2147483647;
			files = (
			);
			inputFileListPaths = (
			);
			inputPaths = (
				"${PODS_PODFILE_DIR_PATH}/Podfile.lock",
				"${PODS_ROOT}/Manifest.lock",
			);
			name = "[CP] Check Pods Manifest.lock";
			outputFileListPaths = (
			);
			outputPaths = (
				"$(DERIVED_FILE_DIR)/Pods-AppAlertsSwiftUI-checkManifestLockResult.txt",
			);
			runOnlyForDeploymentPostprocessing = 0;
			shellPath = /bin/sh;
			shellScript = "diff \"${PODS_PODFILE_DIR_PATH}/Podfile.lock\" \"${PODS_ROOT}/Manifest.lock\" > /dev/null\nif [ $? != 0 ] ; then\n    # print error to STDERR\n    echo \"error: The sandbox is not in sync with the Podfile.lock. Run 'pod install' or update your CocoaPods installation.\" >&2\n    exit 1\nfi\n# This output is used by Xcode 'outputs' to avoid re-running this script phase.\necho \"SUCCESS\" > \"${SCRIPT_OUTPUT_FILE_0}\"\n";
			showEnvVarsInLog = 0;
		};
		2C2914B1EC968D9BE4A0B297 /* [CP] Copy Pods Resources */ = {
			isa = PBXShellScriptBuildPhase;
			buildActionMask = 2147483647;
			files = (
			);
			inputFileListPaths = (
				"${PODS_ROOT}/Target Support Files/Pods-AppAlertsSwiftUI/Pods-AppAlertsSwiftUI-resources-${CONFIGURATION}-input-files.xcfilelist",
			);
			name = "[CP] Copy Pods Resources";
			outputFileListPaths = (
				"${PODS_ROOT}/Target Support Files/Pods-AppAlertsSwiftUI/Pods-AppAlertsSwiftUI-resources-${CONFIGURATION}-output-files.xcfilelist",
			);
			runOnlyForDeploymentPostprocessing = 0;
			shellPath = /bin/sh;
			shellScript = "\"${PODS_ROOT}/Target Support Files/Pods-AppAlertsSwiftUI/Pods-AppAlertsSwiftUI-resources.sh\"\n";
			showEnvVarsInLog = 0;
		};
		74913077F14AD83F3BF374F6 /* [CP] Check Pods Manifest.lock */ = {
			isa = PBXShellScriptBuildPhase;
			buildActionMask = 2147483647;
			files = (
			);
			inputFileListPaths = (
			);
			inputPaths = (
				"${PODS_PODFILE_DIR_PATH}/Podfile.lock",
				"${PODS_ROOT}/Manifest.lock",
			);
			name = "[CP] Check Pods Manifest.lock";
			outputFileListPaths = (
			);
			outputPaths = (
				"$(DERIVED_FILE_DIR)/Pods-AppAlertsSwiftUI-AppAlertsSwiftUIUITests-checkManifestLockResult.txt",
			);
			runOnlyForDeploymentPostprocessing = 0;
			shellPath = /bin/sh;
			shellScript = "diff \"${PODS_PODFILE_DIR_PATH}/Podfile.lock\" \"${PODS_ROOT}/Manifest.lock\" > /dev/null\nif [ $? != 0 ] ; then\n    # print error to STDERR\n    echo \"error: The sandbox is not in sync with the Podfile.lock. Run 'pod install' or update your CocoaPods installation.\" >&2\n    exit 1\nfi\n# This output is used by Xcode 'outputs' to avoid re-running this script phase.\necho \"SUCCESS\" > \"${SCRIPT_OUTPUT_FILE_0}\"\n";
			showEnvVarsInLog = 0;
		};
		B7DBB244E4205154CA79650B /* [CP] Check Pods Manifest.lock */ = {
			isa = PBXShellScriptBuildPhase;
			buildActionMask = 2147483647;
			files = (
			);
			inputFileListPaths = (
			);
			inputPaths = (
				"${PODS_PODFILE_DIR_PATH}/Podfile.lock",
				"${PODS_ROOT}/Manifest.lock",
			);
			name = "[CP] Check Pods Manifest.lock";
			outputFileListPaths = (
			);
			outputPaths = (
				"$(DERIVED_FILE_DIR)/Pods-AppAlertsSwiftUITests-checkManifestLockResult.txt",
			);
			runOnlyForDeploymentPostprocessing = 0;
			shellPath = /bin/sh;
			shellScript = "diff \"${PODS_PODFILE_DIR_PATH}/Podfile.lock\" \"${PODS_ROOT}/Manifest.lock\" > /dev/null\nif [ $? != 0 ] ; then\n    # print error to STDERR\n    echo \"error: The sandbox is not in sync with the Podfile.lock. Run 'pod install' or update your CocoaPods installation.\" >&2\n    exit 1\nfi\n# This output is used by Xcode 'outputs' to avoid re-running this script phase.\necho \"SUCCESS\" > \"${SCRIPT_OUTPUT_FILE_0}\"\n";
			showEnvVarsInLog = 0;
		};
		E9DD27840EF118CD0C538778 /* [CP] Embed Pods Frameworks */ = {
			isa = PBXShellScriptBuildPhase;
			buildActionMask = 2147483647;
			files = (
			);
			inputFileListPaths = (
				"${PODS_ROOT}/Target Support Files/Pods-AppAlertsSwiftUI-AppAlertsSwiftUIUITests/Pods-AppAlertsSwiftUI-AppAlertsSwiftUIUITests-frameworks-${CONFIGURATION}-input-files.xcfilelist",
			);
			name = "[CP] Embed Pods Frameworks";
			outputFileListPaths = (
				"${PODS_ROOT}/Target Support Files/Pods-AppAlertsSwiftUI-AppAlertsSwiftUIUITests/Pods-AppAlertsSwiftUI-AppAlertsSwiftUIUITests-frameworks-${CONFIGURATION}-output-files.xcfilelist",
			);
			runOnlyForDeploymentPostprocessing = 0;
			shellPath = /bin/sh;
			shellScript = "\"${PODS_ROOT}/Target Support Files/Pods-AppAlertsSwiftUI-AppAlertsSwiftUIUITests/Pods-AppAlertsSwiftUI-AppAlertsSwiftUIUITests-frameworks.sh\"\n";
			showEnvVarsInLog = 0;
		};
		F0C95AA1C0200830854CE9ED /* [CP] Embed Pods Frameworks */ = {
			isa = PBXShellScriptBuildPhase;
			buildActionMask = 2147483647;
			files = (
			);
			inputFileListPaths = (
				"${PODS_ROOT}/Target Support Files/Pods-AppAlertsSwiftUI/Pods-AppAlertsSwiftUI-frameworks-${CONFIGURATION}-input-files.xcfilelist",
			);
			name = "[CP] Embed Pods Frameworks";
			outputFileListPaths = (
				"${PODS_ROOT}/Target Support Files/Pods-AppAlertsSwiftUI/Pods-AppAlertsSwiftUI-frameworks-${CONFIGURATION}-output-files.xcfilelist",
			);
			runOnlyForDeploymentPostprocessing = 0;
			shellPath = /bin/sh;
			shellScript = "\"${PODS_ROOT}/Target Support Files/Pods-AppAlertsSwiftUI/Pods-AppAlertsSwiftUI-frameworks.sh\"\n";
			showEnvVarsInLog = 0;
		};
		F400703B5B7CE37D339112B8 /* [CP] Copy Pods Resources */ = {
			isa = PBXShellScriptBuildPhase;
			buildActionMask = 2147483647;
			files = (
			);
			inputFileListPaths = (
				"${PODS_ROOT}/Target Support Files/Pods-AppAlertsSwiftUI-AppAlertsSwiftUIUITests/Pods-AppAlertsSwiftUI-AppAlertsSwiftUIUITests-resources-${CONFIGURATION}-input-files.xcfilelist",
			);
			name = "[CP] Copy Pods Resources";
			outputFileListPaths = (
				"${PODS_ROOT}/Target Support Files/Pods-AppAlertsSwiftUI-AppAlertsSwiftUIUITests/Pods-AppAlertsSwiftUI-AppAlertsSwiftUIUITests-resources-${CONFIGURATION}-output-files.xcfilelist",
			);
			runOnlyForDeploymentPostprocessing = 0;
			shellPath = /bin/sh;
			shellScript = "\"${PODS_ROOT}/Target Support Files/Pods-AppAlertsSwiftUI-AppAlertsSwiftUIUITests/Pods-AppAlertsSwiftUI-AppAlertsSwiftUIUITests-resources.sh\"\n";
			showEnvVarsInLog = 0;
		};
/* End PBXShellScriptBuildPhase section */

/* Begin PBXSourcesBuildPhase section */
		FA1A52A42D7B619F000829C7 /* Sources */ = {
			isa = PBXSourcesBuildPhase;
			buildActionMask = 2147483647;
			files = (
			);
			runOnlyForDeploymentPostprocessing = 0;
		};
		FA1A52B42D7B61A1000829C7 /* Sources */ = {
			isa = PBXSourcesBuildPhase;
			buildActionMask = 2147483647;
			files = (
			);
			runOnlyForDeploymentPostprocessing = 0;
		};
		FA1A52BE2D7B61A1000829C7 /* Sources */ = {
			isa = PBXSourcesBuildPhase;
			buildActionMask = 2147483647;
			files = (
			);
			runOnlyForDeploymentPostprocessing = 0;
		};
/* End PBXSourcesBuildPhase section */

/* Begin PBXTargetDependency section */
		FA1A52BA2D7B61A1000829C7 /* PBXTargetDependency */ = {
			isa = PBXTargetDependency;
			target = FA1A52A72D7B619F000829C7 /* AppAlertsSwiftUI */;
			targetProxy = FA1A52B92D7B61A1000829C7 /* PBXContainerItemProxy */;
		};
		FA1A52C42D7B61A1000829C7 /* PBXTargetDependency */ = {
			isa = PBXTargetDependency;
			target = FA1A52A72D7B619F000829C7 /* AppAlertsSwiftUI */;
			targetProxy = FA1A52C32D7B61A1000829C7 /* PBXContainerItemProxy */;
		};
		FA1A52D72D7BABB7000829C7 /* PBXTargetDependency */ = {
			isa = PBXTargetDependency;
			productRef = FA1A52D62D7BABB7000829C7 /* SwiftLintBuildToolPlugin */;
		};
/* End PBXTargetDependency section */

/* Begin XCBuildConfiguration section */
		FA1A52CA2D7B61A1000829C7 /* Debug */ = {
			isa = XCBuildConfiguration;
			buildSettings = {
				ALWAYS_SEARCH_USER_PATHS = NO;
				ASSETCATALOG_COMPILER_GENERATE_SWIFT_ASSET_SYMBOL_EXTENSIONS = YES;
				CLANG_ANALYZER_NONNULL = YES;
				CLANG_ANALYZER_NUMBER_OBJECT_CONVERSION = YES_AGGRESSIVE;
				CLANG_CXX_LANGUAGE_STANDARD = "gnu++20";
				CLANG_ENABLE_MODULES = YES;
				CLANG_ENABLE_OBJC_ARC = YES;
				CLANG_ENABLE_OBJC_WEAK = YES;
				CLANG_WARN_BLOCK_CAPTURE_AUTORELEASING = YES;
				CLANG_WARN_BOOL_CONVERSION = YES;
				CLANG_WARN_COMMA = YES;
				CLANG_WARN_CONSTANT_CONVERSION = YES;
				CLANG_WARN_DEPRECATED_OBJC_IMPLEMENTATIONS = YES;
				CLANG_WARN_DIRECT_OBJC_ISA_USAGE = YES_ERROR;
				CLANG_WARN_DOCUMENTATION_COMMENTS = YES;
				CLANG_WARN_EMPTY_BODY = YES;
				CLANG_WARN_ENUM_CONVERSION = YES;
				CLANG_WARN_INFINITE_RECURSION = YES;
				CLANG_WARN_INT_CONVERSION = YES;
				CLANG_WARN_NON_LITERAL_NULL_CONVERSION = YES;
				CLANG_WARN_OBJC_IMPLICIT_RETAIN_SELF = YES;
				CLANG_WARN_OBJC_LITERAL_CONVERSION = YES;
				CLANG_WARN_OBJC_ROOT_CLASS = YES_ERROR;
				CLANG_WARN_QUOTED_INCLUDE_IN_FRAMEWORK_HEADER = YES;
				CLANG_WARN_RANGE_LOOP_ANALYSIS = YES;
				CLANG_WARN_STRICT_PROTOTYPES = YES;
				CLANG_WARN_SUSPICIOUS_MOVE = YES;
				CLANG_WARN_UNGUARDED_AVAILABILITY = YES_AGGRESSIVE;
				CLANG_WARN_UNREACHABLE_CODE = YES;
				CLANG_WARN__DUPLICATE_METHOD_MATCH = YES;
				COPY_PHASE_STRIP = NO;
				DEBUG_INFORMATION_FORMAT = dwarf;
				ENABLE_STRICT_OBJC_MSGSEND = YES;
				ENABLE_TESTABILITY = YES;
				ENABLE_USER_SCRIPT_SANDBOXING = NO;
				GCC_C_LANGUAGE_STANDARD = gnu17;
				GCC_DYNAMIC_NO_PIC = NO;
				GCC_NO_COMMON_BLOCKS = YES;
				GCC_OPTIMIZATION_LEVEL = 0;
				GCC_PREPROCESSOR_DEFINITIONS = (
					"DEBUG=1",
					"$(inherited)",
				);
				GCC_WARN_64_TO_32_BIT_CONVERSION = YES;
				GCC_WARN_ABOUT_RETURN_TYPE = YES_ERROR;
				GCC_WARN_UNDECLARED_SELECTOR = YES;
				GCC_WARN_UNINITIALIZED_AUTOS = YES_AGGRESSIVE;
				GCC_WARN_UNUSED_FUNCTION = YES;
				GCC_WARN_UNUSED_VARIABLE = YES;
				IPHONEOS_DEPLOYMENT_TARGET = 18.1;
				LOCALIZATION_PREFERS_STRING_CATALOGS = YES;
				MTL_ENABLE_DEBUG_INFO = INCLUDE_SOURCE;
				MTL_FAST_MATH = YES;
				ONLY_ACTIVE_ARCH = YES;
				SDKROOT = iphoneos;
				SWIFT_ACTIVE_COMPILATION_CONDITIONS = "DEBUG $(inherited)";
				SWIFT_OPTIMIZATION_LEVEL = "-Onone";
			};
			name = Debug;
		};
		FA1A52CB2D7B61A1000829C7 /* Release */ = {
			isa = XCBuildConfiguration;
			buildSettings = {
				ALWAYS_SEARCH_USER_PATHS = NO;
				ASSETCATALOG_COMPILER_GENERATE_SWIFT_ASSET_SYMBOL_EXTENSIONS = YES;
				CLANG_ANALYZER_NONNULL = YES;
				CLANG_ANALYZER_NUMBER_OBJECT_CONVERSION = YES_AGGRESSIVE;
				CLANG_CXX_LANGUAGE_STANDARD = "gnu++20";
				CLANG_ENABLE_MODULES = YES;
				CLANG_ENABLE_OBJC_ARC = YES;
				CLANG_ENABLE_OBJC_WEAK = YES;
				CLANG_WARN_BLOCK_CAPTURE_AUTORELEASING = YES;
				CLANG_WARN_BOOL_CONVERSION = YES;
				CLANG_WARN_COMMA = YES;
				CLANG_WARN_CONSTANT_CONVERSION = YES;
				CLANG_WARN_DEPRECATED_OBJC_IMPLEMENTATIONS = YES;
				CLANG_WARN_DIRECT_OBJC_ISA_USAGE = YES_ERROR;
				CLANG_WARN_DOCUMENTATION_COMMENTS = YES;
				CLANG_WARN_EMPTY_BODY = YES;
				CLANG_WARN_ENUM_CONVERSION = YES;
				CLANG_WARN_INFINITE_RECURSION = YES;
				CLANG_WARN_INT_CONVERSION = YES;
				CLANG_WARN_NON_LITERAL_NULL_CONVERSION = YES;
				CLANG_WARN_OBJC_IMPLICIT_RETAIN_SELF = YES;
				CLANG_WARN_OBJC_LITERAL_CONVERSION = YES;
				CLANG_WARN_OBJC_ROOT_CLASS = YES_ERROR;
				CLANG_WARN_QUOTED_INCLUDE_IN_FRAMEWORK_HEADER = YES;
				CLANG_WARN_RANGE_LOOP_ANALYSIS = YES;
				CLANG_WARN_STRICT_PROTOTYPES = YES;
				CLANG_WARN_SUSPICIOUS_MOVE = YES;
				CLANG_WARN_UNGUARDED_AVAILABILITY = YES_AGGRESSIVE;
				CLANG_WARN_UNREACHABLE_CODE = YES;
				CLANG_WARN__DUPLICATE_METHOD_MATCH = YES;
				COPY_PHASE_STRIP = NO;
				DEBUG_INFORMATION_FORMAT = "dwarf-with-dsym";
				ENABLE_NS_ASSERTIONS = NO;
				ENABLE_STRICT_OBJC_MSGSEND = YES;
				ENABLE_USER_SCRIPT_SANDBOXING = NO;
				GCC_C_LANGUAGE_STANDARD = gnu17;
				GCC_NO_COMMON_BLOCKS = YES;
				GCC_WARN_64_TO_32_BIT_CONVERSION = YES;
				GCC_WARN_ABOUT_RETURN_TYPE = YES_ERROR;
				GCC_WARN_UNDECLARED_SELECTOR = YES;
				GCC_WARN_UNINITIALIZED_AUTOS = YES_AGGRESSIVE;
				GCC_WARN_UNUSED_FUNCTION = YES;
				GCC_WARN_UNUSED_VARIABLE = YES;
				IPHONEOS_DEPLOYMENT_TARGET = 18.1;
				LOCALIZATION_PREFERS_STRING_CATALOGS = YES;
				MTL_ENABLE_DEBUG_INFO = NO;
				MTL_FAST_MATH = YES;
				SDKROOT = iphoneos;
				SWIFT_COMPILATION_MODE = wholemodule;
				VALIDATE_PRODUCT = YES;
			};
			name = Release;
		};
		FA1A52CD2D7B61A1000829C7 /* Debug */ = {
			isa = XCBuildConfiguration;
			baseConfigurationReference = 95BAC7D92FE8EEC36230869C /* Pods-AppAlertsSwiftUI.debug.xcconfig */;
			buildSettings = {
				ASSETCATALOG_COMPILER_APPICON_NAME = AppIcon;
				ASSETCATALOG_COMPILER_GLOBAL_ACCENT_COLOR_NAME = AccentColor;
				CODE_SIGN_STYLE = Automatic;
				CURRENT_PROJECT_VERSION = 1;
				DEVELOPMENT_ASSET_PATHS = "\"AppAlertsSwiftUI/Preview Content\"";
				ENABLE_PREVIEWS = YES;
				GENERATE_INFOPLIST_FILE = YES;
				INFOPLIST_KEY_NSLocationAlwaysUsageDescription = "Need location for use the app";
				INFOPLIST_KEY_NSLocationWhenInUseUsageDescription = "Need location for use the app";
				INFOPLIST_KEY_UIApplicationSceneManifest_Generation = YES;
				INFOPLIST_KEY_UIApplicationSupportsIndirectInputEvents = YES;
				INFOPLIST_KEY_UILaunchScreen_Generation = YES;
				INFOPLIST_KEY_UISupportedInterfaceOrientations_iPad = "UIInterfaceOrientationPortrait UIInterfaceOrientationPortraitUpsideDown UIInterfaceOrientationLandscapeLeft UIInterfaceOrientationLandscapeRight";
				INFOPLIST_KEY_UISupportedInterfaceOrientations_iPhone = "UIInterfaceOrientationPortrait UIInterfaceOrientationLandscapeLeft UIInterfaceOrientationLandscapeRight";
				IPHONEOS_DEPLOYMENT_TARGET = 17.6;
				LD_RUNPATH_SEARCH_PATHS = (
					"$(inherited)",
					"@executable_path/Frameworks",
				);
				MARKETING_VERSION = 1.0;
				PRODUCT_BUNDLE_IDENTIFIER = com.sralexco.AppAlertsSwiftUI;
				PRODUCT_NAME = "$(TARGET_NAME)";
				SWIFT_EMIT_LOC_STRINGS = YES;
				SWIFT_VERSION = 5.0;
				TARGETED_DEVICE_FAMILY = "1,2";
			};
			name = Debug;
		};
		FA1A52CE2D7B61A1000829C7 /* Release */ = {
			isa = XCBuildConfiguration;
			baseConfigurationReference = 16D6FC31DAA7CEC6F39E578B /* Pods-AppAlertsSwiftUI.release.xcconfig */;
			buildSettings = {
				ASSETCATALOG_COMPILER_APPICON_NAME = AppIcon;
				ASSETCATALOG_COMPILER_GLOBAL_ACCENT_COLOR_NAME = AccentColor;
				CODE_SIGN_STYLE = Automatic;
				CURRENT_PROJECT_VERSION = 1;
				DEVELOPMENT_ASSET_PATHS = "\"AppAlertsSwiftUI/Preview Content\"";
				ENABLE_PREVIEWS = YES;
				GENERATE_INFOPLIST_FILE = YES;
				INFOPLIST_KEY_NSLocationAlwaysUsageDescription = "Need location for use the app";
				INFOPLIST_KEY_NSLocationWhenInUseUsageDescription = "Need location for use the app";
				INFOPLIST_KEY_UIApplicationSceneManifest_Generation = YES;
				INFOPLIST_KEY_UIApplicationSupportsIndirectInputEvents = YES;
				INFOPLIST_KEY_UILaunchScreen_Generation = YES;
				INFOPLIST_KEY_UISupportedInterfaceOrientations_iPad = "UIInterfaceOrientationPortrait UIInterfaceOrientationPortraitUpsideDown UIInterfaceOrientationLandscapeLeft UIInterfaceOrientationLandscapeRight";
				INFOPLIST_KEY_UISupportedInterfaceOrientations_iPhone = "UIInterfaceOrientationPortrait UIInterfaceOrientationLandscapeLeft UIInterfaceOrientationLandscapeRight";
				IPHONEOS_DEPLOYMENT_TARGET = 17.6;
				LD_RUNPATH_SEARCH_PATHS = (
					"$(inherited)",
					"@executable_path/Frameworks",
				);
				MARKETING_VERSION = 1.0;
				PRODUCT_BUNDLE_IDENTIFIER = com.sralexco.AppAlertsSwiftUI;
				PRODUCT_NAME = "$(TARGET_NAME)";
				SWIFT_EMIT_LOC_STRINGS = YES;
				SWIFT_VERSION = 5.0;
				TARGETED_DEVICE_FAMILY = "1,2";
			};
			name = Release;
		};
		FA1A52D02D7B61A1000829C7 /* Debug */ = {
			isa = XCBuildConfiguration;
			baseConfigurationReference = B57BBE1BB6180EAA5CF20C8A /* Pods-AppAlertsSwiftUITests.debug.xcconfig */;
			buildSettings = {
				BUNDLE_LOADER = "$(TEST_HOST)";
				CODE_SIGN_STYLE = Automatic;
				CURRENT_PROJECT_VERSION = 1;
				GENERATE_INFOPLIST_FILE = YES;
				IPHONEOS_DEPLOYMENT_TARGET = 18.1;
				MARKETING_VERSION = 1.0;
				PRODUCT_BUNDLE_IDENTIFIER = com.sralexco.AppAlertsSwiftUITests;
				PRODUCT_NAME = "$(TARGET_NAME)";
				SWIFT_EMIT_LOC_STRINGS = NO;
				SWIFT_VERSION = 5.0;
				TARGETED_DEVICE_FAMILY = "1,2";
				TEST_HOST = "$(BUILT_PRODUCTS_DIR)/AppAlertsSwiftUI.app/$(BUNDLE_EXECUTABLE_FOLDER_PATH)/AppAlertsSwiftUI";
			};
			name = Debug;
		};
		FA1A52D12D7B61A1000829C7 /* Release */ = {
			isa = XCBuildConfiguration;
			baseConfigurationReference = F800E61020DC444A919132DD /* Pods-AppAlertsSwiftUITests.release.xcconfig */;
			buildSettings = {
				BUNDLE_LOADER = "$(TEST_HOST)";
				CODE_SIGN_STYLE = Automatic;
				CURRENT_PROJECT_VERSION = 1;
				GENERATE_INFOPLIST_FILE = YES;
				IPHONEOS_DEPLOYMENT_TARGET = 18.1;
				MARKETING_VERSION = 1.0;
				PRODUCT_BUNDLE_IDENTIFIER = com.sralexco.AppAlertsSwiftUITests;
				PRODUCT_NAME = "$(TARGET_NAME)";
				SWIFT_EMIT_LOC_STRINGS = NO;
				SWIFT_VERSION = 5.0;
				TARGETED_DEVICE_FAMILY = "1,2";
				TEST_HOST = "$(BUILT_PRODUCTS_DIR)/AppAlertsSwiftUI.app/$(BUNDLE_EXECUTABLE_FOLDER_PATH)/AppAlertsSwiftUI";
			};
			name = Release;
		};
		FA1A52D32D7B61A1000829C7 /* Debug */ = {
			isa = XCBuildConfiguration;
			baseConfigurationReference = 3628B99755F67F31C3640C39 /* Pods-AppAlertsSwiftUI-AppAlertsSwiftUIUITests.debug.xcconfig */;
			buildSettings = {
				CODE_SIGN_STYLE = Automatic;
				CURRENT_PROJECT_VERSION = 1;
				GENERATE_INFOPLIST_FILE = YES;
				MARKETING_VERSION = 1.0;
				PRODUCT_BUNDLE_IDENTIFIER = com.sralexco.AppAlertsSwiftUIUITests;
				PRODUCT_NAME = "$(TARGET_NAME)";
				SWIFT_EMIT_LOC_STRINGS = NO;
				SWIFT_VERSION = 5.0;
				TARGETED_DEVICE_FAMILY = "1,2";
				TEST_TARGET_NAME = AppAlertsSwiftUI;
			};
			name = Debug;
		};
		FA1A52D42D7B61A1000829C7 /* Release */ = {
			isa = XCBuildConfiguration;
			baseConfigurationReference = 7B9EEA030DC0D3EDD96FCC05 /* Pods-AppAlertsSwiftUI-AppAlertsSwiftUIUITests.release.xcconfig */;
			buildSettings = {
				CODE_SIGN_STYLE = Automatic;
				CURRENT_PROJECT_VERSION = 1;
				GENERATE_INFOPLIST_FILE = YES;
				MARKETING_VERSION = 1.0;
				PRODUCT_BUNDLE_IDENTIFIER = com.sralexco.AppAlertsSwiftUIUITests;
				PRODUCT_NAME = "$(TARGET_NAME)";
				SWIFT_EMIT_LOC_STRINGS = NO;
				SWIFT_VERSION = 5.0;
				TARGETED_DEVICE_FAMILY = "1,2";
				TEST_TARGET_NAME = AppAlertsSwiftUI;
			};
			name = Release;
		};
/* End XCBuildConfiguration section */

/* Begin XCConfigurationList section */
		FA1A52A32D7B619F000829C7 /* Build configuration list for PBXProject "AppAlertsSwiftUI" */ = {
			isa = XCConfigurationList;
			buildConfigurations = (
				FA1A52CA2D7B61A1000829C7 /* Debug */,
				FA1A52CB2D7B61A1000829C7 /* Release */,
			);
			defaultConfigurationIsVisible = 0;
			defaultConfigurationName = Release;
		};
		FA1A52CC2D7B61A1000829C7 /* Build configuration list for PBXNativeTarget "AppAlertsSwiftUI" */ = {
			isa = XCConfigurationList;
			buildConfigurations = (
				FA1A52CD2D7B61A1000829C7 /* Debug */,
				FA1A52CE2D7B61A1000829C7 /* Release */,
			);
			defaultConfigurationIsVisible = 0;
			defaultConfigurationName = Release;
		};
		FA1A52CF2D7B61A1000829C7 /* Build configuration list for PBXNativeTarget "AppAlertsSwiftUITests" */ = {
			isa = XCConfigurationList;
			buildConfigurations = (
				FA1A52D02D7B61A1000829C7 /* Debug */,
				FA1A52D12D7B61A1000829C7 /* Release */,
			);
			defaultConfigurationIsVisible = 0;
			defaultConfigurationName = Release;
		};
		FA1A52D22D7B61A1000829C7 /* Build configuration list for PBXNativeTarget "AppAlertsSwiftUIUITests" */ = {
			isa = XCConfigurationList;
			buildConfigurations = (
				FA1A52D32D7B61A1000829C7 /* Debug */,
				FA1A52D42D7B61A1000829C7 /* Release */,
			);
			defaultConfigurationIsVisible = 0;
			defaultConfigurationName = Release;
		};
/* End XCConfigurationList section */

/* Begin XCRemoteSwiftPackageReference section */
		FA1A52D52D7BA9D9000829C7 /* XCRemoteSwiftPackageReference "SwiftLint" */ = {
			isa = XCRemoteSwiftPackageReference;
			repositoryURL = "https://github.com/realm/SwiftLint";
			requirement = {
				kind = upToNextMajorVersion;
				minimumVersion = 0.58.2;
			};
		};
/* End XCRemoteSwiftPackageReference section */

/* Begin XCSwiftPackageProductDependency section */
		FA1A52D62D7BABB7000829C7 /* SwiftLintBuildToolPlugin */ = {
			isa = XCSwiftPackageProductDependency;
			package = FA1A52D52D7BA9D9000829C7 /* XCRemoteSwiftPackageReference "SwiftLint" */;
			productName = "plugin:SwiftLintBuildToolPlugin";
		};
/* End XCSwiftPackageProductDependency section */
	};
	rootObject = FA1A52A02D7B619F000829C7 /* Project object */;
}
